{
  "name": "@directive/types",
  "version": "1.0.0",
  "lockfileVersion": 3,
  "requires": true,
  "packages": {
    "": {
      "name": "@directive/types",
      "version": "1.0.0",
      "license": "MIT",
      "devDependencies": {
        "typescript": "~5.8.0",
        "xstate": "^5.20.0"
      },
      "peerDependencies": {
        "xstate": "^5.20.0"
      },
      "peerDependenciesMeta": {
        "xstate": {
          "optional": false
        }
      }
    },
    "node_modules/typescript": {
      "version": "5.8.3",
      "resolved": "https://registry.npmjs.org/typescript/-/typescript-5.8.3.tgz",
      "integrity": "sha512-p1diW6TqL9L07nNxvRMM7hMMw4c5XOo/1ibL4aAIGmSAt9slTE1Xgw5KWuof2uTOvCg9BY7ZRi+GaF+7sfgPeQ==",
      "dev": true,
      "license": "Apache-2.0",
      "bin": {
        "tsc": "bin/tsc",
        "tsserver": "bin/tsserver"
      },
      "engines": {
        "node": ">=14.17"
      }
    },
    "node_modules/xstate": {
      "version": "5.20.0",
      "resolved": "https://registry.npmjs.org/xstate/-/xstate-5.20.0.tgz",
      "integrity": "sha512-lFQ0fLwVa0OMZnjNP8zUkt2fwIS85ZBNPvxE41APVYhYj0++aTssgmsnTAiBHdKYbgnd6+L8DRTZ9jPZAFPuyw==",
      "dev": true,
      "license": "MIT",
      "funding": {
        "type": "opencollective",
        "url": "https://opencollective.com/xstate"
      }
    }
  }
}
